// !$*UTF8*$!
{
	archiveVersion = 1;
	classes = {
	};
	objectVersion = 55;
	objects = {

/* Begin PBXBuildFile section */
		331F3DF02C606C5900635837 /* libglfw.3.dylib in Frameworks */ = {isa = PBXBuildFile; fileRef = 331F3DEF2C606C5900635837 /* libglfw.3.dylib */; };
		331F3DF22C606C8100635837 /* glad.c in Sources */ = {isa = PBXBuildFile; fileRef = 331F3DF12C606C8100635837 /* glad.c */; };
		33FD15AE2CE58C4E00E91597 /* main.cpp in Sources */ = {isa = PBXBuildFile; fileRef = 33FD15AC2CE58C4E00E91597 /* main.cpp */; };
		33FD15B22CE590D900E91597 /* Application.cpp in Sources */ = {isa = PBXBuildFile; fileRef = 33FD15B02CE590D900E91597 /* Application.cpp */; };
		33FD15B42CE5C8CA00E91597 /* OpenGL.framework in Frameworks */ = {isa = PBXBuildFile; fileRef = 3365ED3C2C66E300005A6309 /* OpenGL.framework */; };
		33FD15B82CF451EE00E91597 /* shader.cpp in Sources */ = {isa = PBXBuildFile; fileRef = 33FD15B62CF451EE00E91597 /* shader.cpp */; };
/* End PBXBuildFile section */

/* Begin PBXCopyFilesBuildPhase section */
		331F3DE22C6068F500635837 /* CopyFiles */ = {
			isa = PBXCopyFilesBuildPhase;
			buildActionMask = 2147483647;
			dstPath = /usr/share/man/man1/;
			dstSubfolderSpec = 0;
			files = (
			);
			runOnlyForDeploymentPostprocessing = 1;
		};
/* End PBXCopyFilesBuildPhase section */

/* Begin PBXFileReference section */
		331F3DE42C6068F500635837 /* LearnOpenGL */ = {isa = PBXFileReference; explicitFileType = "compiled.mach-o.executable"; includeInIndex = 0; path = LearnOpenGL; sourceTree = BUILT_PRODUCTS_DIR; };
		331F3DEF2C606C5900635837 /* libglfw.3.dylib */ = {isa = PBXFileReference; lastKnownFileType = "compiled.mach-o.dylib"; name = libglfw.3.dylib; path = "third_party/glfw-3.4/lib-universal/libglfw.3.dylib"; sourceTree = "<group>"; };
		331F3DF12C606C8100635837 /* glad.c */ = {isa = PBXFileReference; fileEncoding = 4; lastKnownFileType = sourcecode.c.c; name = glad.c; path = third_party/glad/src/glad.c; sourceTree = SOURCE_ROOT; };
		3365ED3C2C66E300005A6309 /* OpenGL.framework */ = {isa = PBXFileReference; lastKnownFileType = wrapper.framework; name = OpenGL.framework; path = System/Library/Frameworks/OpenGL.framework; sourceTree = SDKROOT; };
		33FD15AC2CE58C4E00E91597 /* main.cpp */ = {isa = PBXFileReference; lastKnownFileType = sourcecode.cpp.cpp; path = main.cpp; sourceTree = SOURCE_ROOT; };
		33FD15B02CE590D900E91597 /* Application.cpp */ = {isa = PBXFileReference; lastKnownFileType = sourcecode.cpp.cpp; path = Application.cpp; sourceTree = "<group>"; };
		33FD15B12CE590D900E91597 /* Application.hpp */ = {isa = PBXFileReference; lastKnownFileType = sourcecode.cpp.h; path = Application.hpp; sourceTree = "<group>"; };
		33FD15B62CF451EE00E91597 /* shader.cpp */ = {isa = PBXFileReference; lastKnownFileType = sourcecode.cpp.cpp; path = shader.cpp; sourceTree = "<group>"; };
		33FD15B72CF451EE00E91597 /* shader.hpp */ = {isa = PBXFileReference; lastKnownFileType = sourcecode.cpp.h; path = shader.hpp; sourceTree = "<group>"; };
		33FD15B92CF4520E00E91597 /* core.h */ = {isa = PBXFileReference; lastKnownFileType = sourcecode.c.h; path = core.h; sourceTree = "<group>"; };
/* End PBXFileReference section */

/* Begin PBXFrameworksBuildPhase section */
		331F3DE12C6068F500635837 /* Frameworks */ = {
			isa = PBXFrameworksBuildPhase;
			buildActionMask = 2147483647;
			files = (
				33FD15B42CE5C8CA00E91597 /* OpenGL.framework in Frameworks */,
				331F3DF02C606C5900635837 /* libglfw.3.dylib in Frameworks */,
			);
			runOnlyForDeploymentPostprocessing = 0;
		};
/* End PBXFrameworksBuildPhase section */

/* Begin PBXGroup section */
		331F3DDB2C6068F500635837 = {
			isa = PBXGroup;
			children = (
				331F3DE62C6068F500635837 /* LearnOpenGL */,
				331F3DE52C6068F500635837 /* Products */,
				331F3DEE2C606C5900635837 /* Frameworks */,
			);
			sourceTree = "<group>";
		};
		331F3DE52C6068F500635837 /* Products */ = {
			isa = PBXGroup;
			children = (
				331F3DE42C6068F500635837 /* LearnOpenGL */,
			);
			name = Products;
			sourceTree = "<group>";
		};
		331F3DE62C6068F500635837 /* LearnOpenGL */ = {
			isa = PBXGroup;
			children = (
				33FD15AF2CE590C300E91597 /* Application */,
				331F3DF32C60A07F00635837 /* GLManager */,
				331F3DF12C606C8100635837 /* glad.c */,
				33FD15AC2CE58C4E00E91597 /* main.cpp */,
			);
			path = LearnOpenGL;
			sourceTree = "<group>";
		};
		331F3DEE2C606C5900635837 /* Frameworks */ = {
			isa = PBXGroup;
			children = (
				3365ED3C2C66E300005A6309 /* OpenGL.framework */,
				331F3DEF2C606C5900635837 /* libglfw.3.dylib */,
			);
			name = Frameworks;
			sourceTree = "<group>";
		};
		331F3DF32C60A07F00635837 /* GLManager */ = {
			isa = PBXGroup;
			children = (
				33FD15B62CF451EE00E91597 /* shader.cpp */,
				33FD15B72CF451EE00E91597 /* shader.hpp */,
				33FD15B92CF4520E00E91597 /* core.h */,
			);
			path = GLManager;
			sourceTree = "<group>";
		};
		33FD15AF2CE590C300E91597 /* Application */ = {
			isa = PBXGroup;
			children = (
				33FD15B02CE590D900E91597 /* Application.cpp */,
				33FD15B12CE590D900E91597 /* Application.hpp */,
			);
			path = Application;
			sourceTree = "<group>";
		};
/* End PBXGroup section */

/* Begin PBXNativeTarget section */
		331F3DE32C6068F500635837 /* LearnOpenGL */ = {
			isa = PBXNativeTarget;
			buildConfigurationList = 331F3DEB2C6068F500635837 /* Build configuration list for PBXNativeTarget "LearnOpenGL" */;
			buildPhases = (
				331F3DE02C6068F500635837 /* Sources */,
				331F3DE12C6068F500635837 /* Frameworks */,
				331F3DE22C6068F500635837 /* CopyFiles */,
			);
			buildRules = (
			);
			dependencies = (
			);
			name = LearnOpenGL;
			productName = LearnOpenGL;
			productReference = 331F3DE42C6068F500635837 /* LearnOpenGL */;
			productType = "com.apple.product-type.tool";
		};
/* End PBXNativeTarget section */

/* Begin PBXProject section */
		331F3DDC2C6068F500635837 /* Project object */ = {
			isa = PBXProject;
			attributes = {
				LastUpgradeCheck = 1540;
				TargetAttributes = {
					331F3DE32C6068F500635837 = {
						CreatedOnToolsVersion = 15.4;
					};
				};
			};
			buildConfigurationList = 331F3DDF2C6068F500635837 /* Build configuration list for PBXProject "LearnOpenGL" */;
			compatibilityVersion = "Xcode 13.0";
			developmentRegion = en;
			hasScannedForEncodings = 0;
			knownRegions = (
				en,
				Base,
			);
			mainGroup = 331F3DDB2C6068F500635837;
			productRefGroup = 331F3DE52C6068F500635837 /* Products */;
			projectDirPath = "";
			projectRoot = "";
			targets = (
				331F3DE32C6068F500635837 /* LearnOpenGL */,
			);
		};
/* End PBXProject section */

/* Begin PBXSourcesBuildPhase section */
		331F3DE02C6068F500635837 /* Sources */ = {
			isa = PBXSourcesBuildPhase;
			buildActionMask = 2147483647;
			files = (
				33FD15B82CF451EE00E91597 /* shader.cpp in Sources */,
				33FD15AE2CE58C4E00E91597 /* main.cpp in Sources */,
				331F3DF22C606C8100635837 /* glad.c in Sources */,
				33FD15B22CE590D900E91597 /* Application.cpp in Sources */,
			);
			runOnlyForDeploymentPostprocessing = 0;
		};
/* End PBXSourcesBuildPhase section */

/* Begin XCBuildConfiguration section */
		331F3DE92C6068F500635837 /* Debug */ = {
			isa = XCBuildConfiguration;
			buildSettings = {
				ALWAYS_SEARCH_USER_PATHS = NO;
				ASSETCATALOG_COMPILER_GENERATE_SWIFT_ASSET_SYMBOL_EXTENSIONS = YES;
				CLANG_ANALYZER_NONNULL = YES;
				CLANG_ANALYZER_NUMBER_OBJECT_CONVERSION = YES_AGGRESSIVE;
				CLANG_CXX_LANGUAGE_STANDARD = "gnu++20";
				CLANG_ENABLE_MODULES = YES;
				CLANG_ENABLE_OBJC_ARC = YES;
				CLANG_ENABLE_OBJC_WEAK = YES;
				CLANG_WARN_BLOCK_CAPTURE_AUTORELEASING = YES;
				CLANG_WARN_BOOL_CONVERSION = YES;
				CLANG_WARN_COMMA = YES;
				CLANG_WARN_CONSTANT_CONVERSION = YES;
				CLANG_WARN_DEPRECATED_OBJC_IMPLEMENTATIONS = YES;
				CLANG_WARN_DIRECT_OBJC_ISA_USAGE = YES_ERROR;
				CLANG_WARN_DOCUMENTATION_COMMENTS = YES;
				CLANG_WARN_EMPTY_BODY = YES;
				CLANG_WARN_ENUM_CONVERSION = YES;
				CLANG_WARN_INFINITE_RECURSION = YES;
				CLANG_WARN_INT_CONVERSION = YES;
				CLANG_WARN_NON_LITERAL_NULL_CONVERSION = YES;
				CLANG_WARN_OBJC_IMPLICIT_RETAIN_SELF = YES;
				CLANG_WARN_OBJC_LITERAL_CONVERSION = YES;
				CLANG_WARN_OBJC_ROOT_CLASS = YES_ERROR;
				CLANG_WARN_QUOTED_INCLUDE_IN_FRAMEWORK_HEADER = YES;
				CLANG_WARN_RANGE_LOOP_ANALYSIS = YES;
				CLANG_WARN_STRICT_PROTOTYPES = YES;
				CLANG_WARN_SUSPICIOUS_MOVE = YES;
				CLANG_WARN_UNGUARDED_AVAILABILITY = YES_AGGRESSIVE;
				CLANG_WARN_UNREACHABLE_CODE = YES;
				CLANG_WARN__DUPLICATE_METHOD_MATCH = YES;
				COPY_PHASE_STRIP = NO;
				DEBUG_INFORMATION_FORMAT = dwarf;
				ENABLE_STRICT_OBJC_MSGSEND = YES;
				ENABLE_TESTABILITY = YES;
				ENABLE_USER_SCRIPT_SANDBOXING = YES;
				GCC_C_LANGUAGE_STANDARD = gnu17;
				GCC_DYNAMIC_NO_PIC = NO;
				GCC_NO_COMMON_BLOCKS = YES;
				GCC_OPTIMIZATION_LEVEL = 0;
				GCC_PREPROCESSOR_DEFINITIONS = (
					"DEBUG=1",
					"$(inherited)",
				);
				GCC_WARN_64_TO_32_BIT_CONVERSION = YES;
				GCC_WARN_ABOUT_RETURN_TYPE = YES_ERROR;
				GCC_WARN_UNDECLARED_SELECTOR = YES;
				GCC_WARN_UNINITIALIZED_AUTOS = YES_AGGRESSIVE;
				GCC_WARN_UNUSED_FUNCTION = YES;
				GCC_WARN_UNUSED_VARIABLE = YES;
				LOCALIZATION_PREFERS_STRING_CATALOGS = YES;
				MACOSX_DEPLOYMENT_TARGET = 10.15;
				MTL_ENABLE_DEBUG_INFO = INCLUDE_SOURCE;
				MTL_FAST_MATH = YES;
				ONLY_ACTIVE_ARCH = YES;
				SDKROOT = macosx;
			};
			name = Debug;
		};
		331F3DEA2C6068F500635837 /* Release */ = {
			isa = XCBuildConfiguration;
			buildSettings = {
				ALWAYS_SEARCH_USER_PATHS = NO;
				ASSETCATALOG_COMPILER_GENERATE_SWIFT_ASSET_SYMBOL_EXTENSIONS = YES;
				CLANG_ANALYZER_NONNULL = YES;
				CLANG_ANALYZER_NUMBER_OBJECT_CONVERSION = YES_AGGRESSIVE;
				CLANG_CXX_LANGUAGE_STANDARD = "gnu++20";
				CLANG_ENABLE_MODULES = YES;
				CLANG_ENABLE_OBJC_ARC = YES;
				CLANG_ENABLE_OBJC_WEAK = YES;
				CLANG_WARN_BLOCK_CAPTURE_AUTORELEASING = YES;
				CLANG_WARN_BOOL_CONVERSION = YES;
				CLANG_WARN_COMMA = YES;
				CLANG_WARN_CONSTANT_CONVERSION = YES;
				CLANG_WARN_DEPRECATED_OBJC_IMPLEMENTATIONS = YES;
				CLANG_WARN_DIRECT_OBJC_ISA_USAGE = YES_ERROR;
				CLANG_WARN_DOCUMENTATION_COMMENTS = YES;
				CLANG_WARN_EMPTY_BODY = YES;
				CLANG_WARN_ENUM_CONVERSION = YES;
				CLANG_WARN_INFINITE_RECURSION = YES;
				CLANG_WARN_INT_CONVERSION = YES;
				CLANG_WARN_NON_LITERAL_NULL_CONVERSION = YES;
				CLANG_WARN_OBJC_IMPLICIT_RETAIN_SELF = YES;
				CLANG_WARN_OBJC_LITERAL_CONVERSION = YES;
				CLANG_WARN_OBJC_ROOT_CLASS = YES_ERROR;
				CLANG_WARN_QUOTED_INCLUDE_IN_FRAMEWORK_HEADER = YES;
				CLANG_WARN_RANGE_LOOP_ANALYSIS = YES;
				CLANG_WARN_STRICT_PROTOTYPES = YES;
				CLANG_WARN_SUSPICIOUS_MOVE = YES;
				CLANG_WARN_UNGUARDED_AVAILABILITY = YES_AGGRESSIVE;
				CLANG_WARN_UNREACHABLE_CODE = YES;
				CLANG_WARN__DUPLICATE_METHOD_MATCH = YES;
				COPY_PHASE_STRIP = NO;
				DEBUG_INFORMATION_FORMAT = "dwarf-with-dsym";
				ENABLE_NS_ASSERTIONS = NO;
				ENABLE_STRICT_OBJC_MSGSEND = YES;
				ENABLE_USER_SCRIPT_SANDBOXING = YES;
				GCC_C_LANGUAGE_STANDARD = gnu17;
				GCC_NO_COMMON_BLOCKS = YES;
				GCC_WARN_64_TO_32_BIT_CONVERSION = YES;
				GCC_WARN_ABOUT_RETURN_TYPE = YES_ERROR;
				GCC_WARN_UNDECLARED_SELECTOR = YES;
				GCC_WARN_UNINITIALIZED_AUTOS = YES_AGGRESSIVE;
				GCC_WARN_UNUSED_FUNCTION = YES;
				GCC_WARN_UNUSED_VARIABLE = YES;
				LOCALIZATION_PREFERS_STRING_CATALOGS = YES;
				MACOSX_DEPLOYMENT_TARGET = 10.15;
				MTL_ENABLE_DEBUG_INFO = NO;
				MTL_FAST_MATH = YES;
				SDKROOT = macosx;
			};
			name = Release;
		};
		331F3DEC2C6068F500635837 /* Debug */ = {
			isa = XCBuildConfiguration;
			buildSettings = {
				CODE_SIGN_STYLE = Automatic;
				GCC_PREPROCESSOR_DEFINITIONS = GL_SILENCE_DEPRECATION;
				HEADER_SEARCH_PATHS = (
					"$(SRCROOT)/LearnOpenGL",
					"$(SRCROOT)/third_party/glfw-3.4/include",
					"$(SRCROOT)/third_party/glad/include",
				);
				LIBRARY_SEARCH_PATHS = (
					"$(SRCROOT)/third_party/glfw-3.4/lib-universal",
					"$(PROJECT_DIR)/third_party/glfw-3.4/lib-universal",
				);
				PRODUCT_NAME = "$(TARGET_NAME)";
				SYMROOT = "$(SRCROOT)/build";
			};
			name = Debug;
		};
		331F3DED2C6068F500635837 /* Release */ = {
			isa = XCBuildConfiguration;
			buildSettings = {
				CODE_SIGN_STYLE = Automatic;
				GCC_PREPROCESSOR_DEFINITIONS = GL_SILENCE_DEPRECATION;
				HEADER_SEARCH_PATHS = (
					"$(SRCROOT)/LearnOpenGL",
					"$(SRCROOT)/third_party/glfw-3.4/include",
					"$(SRCROOT)/third_party/glad/include",
				);
				LIBRARY_SEARCH_PATHS = (
					"$(SRCROOT)/third_party/glfw-3.4/lib-universal",
					"$(PROJECT_DIR)/third_party/glfw-3.4/lib-universal",
				);
				PRODUCT_NAME = "$(TARGET_NAME)";
				SYMROOT = "$(SRCROOT)/build";
			};
			name = Release;
		};
/* End XCBuildConfiguration section */

/* Begin XCConfigurationList section */
		331F3DDF2C6068F500635837 /* Build configuration list for PBXProject "LearnOpenGL" */ = {
			isa = XCConfigurationList;
			buildConfigurations = (
				331F3DE92C6068F500635837 /* Debug */,
				331F3DEA2C6068F500635837 /* Release */,
			);
			defaultConfigurationIsVisible = 0;
			defaultConfigurationName = Release;
		};
		331F3DEB2C6068F500635837 /* Build configuration list for PBXNativeTarget "LearnOpenGL" */ = {
			isa = XCConfigurationList;
			buildConfigurations = (
				331F3DEC2C6068F500635837 /* Debug */,
				331F3DED2C6068F500635837 /* Release */,
			);
			defaultConfigurationIsVisible = 0;
			defaultConfigurationName = Release;
		};
/* End XCConfigurationList section */
	};
	rootObject = 331F3DDC2C6068F500635837 /* Project object */;
}
